// !$*UTF8*$!
{
	archiveVersion = 1;
	classes = {
	};
	objectVersion = 55;
	objects = {

/* Begin PBXBuildFile section */
		BAE1B811285D0E4400A7B232 /* AppDelegate.swift in Sources */ = {isa = PBXBuildFile; fileRef = BAE1B810285D0E4400A7B232 /* AppDelegate.swift */; };
		BAE1B813285D0E4400A7B232 /* SceneDelegate.swift in Sources */ = {isa = PBXBuildFile; fileRef = BAE1B812285D0E4400A7B232 /* SceneDelegate.swift */; };
		BAE1B815285D0E4400A7B232 /* ViewController.swift in Sources */ = {isa = PBXBuildFile; fileRef = BAE1B814285D0E4400A7B232 /* ViewController.swift */; };
		BAE1B818285D0E4400A7B232 /* Main.storyboard in Resources */ = {isa = PBXBuildFile; fileRef = BAE1B816285D0E4400A7B232 /* Main.storyboard */; };
		BAE1B81A285D0E4400A7B232 /* Assets.xcassets in Resources */ = {isa = PBXBuildFile; fileRef = BAE1B819285D0E4400A7B232 /* Assets.xcassets */; };
		BAE1B81D285D0E4400A7B232 /* LaunchScreen.storyboard in Resources */ = {isa = PBXBuildFile; fileRef = BAE1B81B285D0E4400A7B232 /* LaunchScreen.storyboard */; };
		BAE1B826285D0F2400A7B232 /* HeaderViewModel.swift in Sources */ = {isa = PBXBuildFile; fileRef = BAE1B825285D0F2400A7B232 /* HeaderViewModel.swift */; };
		BAE1B829285D144D00A7B232 /* UIColor.swift in Sources */ = {isa = PBXBuildFile; fileRef = BAE1B828285D144D00A7B232 /* UIColor.swift */; };
		BAE1B82B285D209700A7B232 /* String.swift in Sources */ = {isa = PBXBuildFile; fileRef = BAE1B82A285D209700A7B232 /* String.swift */; };
		BAE1B82F285D289900A7B232 /* NewsDataSource.swift in Sources */ = {isa = PBXBuildFile; fileRef = BAE1B82E285D289900A7B232 /* NewsDataSource.swift */; };
/* End PBXBuildFile section */

/* Begin PBXFileReference section */
		BAE1B80D285D0E4400A7B232 /* Task00.app */ = {isa = PBXFileReference; explicitFileType = wrapper.application; includeInIndex = 0; path = Task00.app; sourceTree = BUILT_PRODUCTS_DIR; };
		BAE1B810285D0E4400A7B232 /* AppDelegate.swift */ = {isa = PBXFileReference; lastKnownFileType = sourcecode.swift; path = AppDelegate.swift; sourceTree = "<group>"; };
		BAE1B812285D0E4400A7B232 /* SceneDelegate.swift */ = {isa = PBXFileReference; lastKnownFileType = sourcecode.swift; path = SceneDelegate.swift; sourceTree = "<group>"; };
		BAE1B814285D0E4400A7B232 /* ViewController.swift */ = {isa = PBXFileReference; lastKnownFileType = sourcecode.swift; path = ViewController.swift; sourceTree = "<group>"; };
		BAE1B817285D0E4400A7B232 /* Base */ = {isa = PBXFileReference; lastKnownFileType = file.storyboard; name = Base; path = Base.lproj/Main.storyboard; sourceTree = "<group>"; };
		BAE1B819285D0E4400A7B232 /* Assets.xcassets */ = {isa = PBXFileReference; lastKnownFileType = folder.assetcatalog; path = Assets.xcassets; sourceTree = "<group>"; };
		BAE1B81C285D0E4400A7B232 /* Base */ = {isa = PBXFileReference; lastKnownFileType = file.storyboard; name = Base; path = Base.lproj/LaunchScreen.storyboard; sourceTree = "<group>"; };
		BAE1B81E285D0E4400A7B232 /* Info.plist */ = {isa = PBXFileReference; lastKnownFileType = text.plist.xml; path = Info.plist; sourceTree = "<group>"; };
		BAE1B825285D0F2400A7B232 /* HeaderViewModel.swift */ = {isa = PBXFileReference; lastKnownFileType = sourcecode.swift; path = HeaderViewModel.swift; sourceTree = "<group>"; };
		BAE1B828285D144D00A7B232 /* UIColor.swift */ = {isa = PBXFileReference; lastKnownFileType = sourcecode.swift; path = UIColor.swift; sourceTree = "<group>"; };
		BAE1B82A285D209700A7B232 /* String.swift */ = {isa = PBXFileReference; lastKnownFileType = sourcecode.swift; path = String.swift; sourceTree = "<group>"; };
		BAE1B82E285D289900A7B232 /* NewsDataSource.swift */ = {isa = PBXFileReference; lastKnownFileType = sourcecode.swift; path = NewsDataSource.swift; sourceTree = "<group>"; };
/* End PBXFileReference section */

/* Begin PBXFrameworksBuildPhase section */
		BAE1B80A285D0E4400A7B232 /* Frameworks */ = {
			isa = PBXFrameworksBuildPhase;
			buildActionMask = 2147483647;
			files = (
			);
			runOnlyForDeploymentPostprocessing = 0;
		};
/* End PBXFrameworksBuildPhase section */

/* Begin PBXGroup section */
		BAE1B804285D0E4400A7B232 = {
			isa = PBXGroup;
			children = (
				BAE1B80F285D0E4400A7B232 /* Task00 */,
				BAE1B80E285D0E4400A7B232 /* Products */,
			);
			sourceTree = "<group>";
		};
		BAE1B80E285D0E4400A7B232 /* Products */ = {
			isa = PBXGroup;
			children = (
				BAE1B80D285D0E4400A7B232 /* Task00.app */,
			);
			name = Products;
			sourceTree = "<group>";
		};
		BAE1B80F285D0E4400A7B232 /* Task00 */ = {
			isa = PBXGroup;
			children = (
				BAE1B827285D143800A7B232 /* Extensions */,
				BAE1B824285D0E6D00A7B232 /* Models */,
				BAE1B810285D0E4400A7B232 /* AppDelegate.swift */,
				BAE1B812285D0E4400A7B232 /* SceneDelegate.swift */,
				BAE1B814285D0E4400A7B232 /* ViewController.swift */,
				BAE1B816285D0E4400A7B232 /* Main.storyboard */,
				BAE1B819285D0E4400A7B232 /* Assets.xcassets */,
				BAE1B81B285D0E4400A7B232 /* LaunchScreen.storyboard */,
				BAE1B81E285D0E4400A7B232 /* Info.plist */,
			);
			path = Task00;
			sourceTree = "<group>";
		};
		BAE1B824285D0E6D00A7B232 /* Models */ = {
			isa = PBXGroup;
			children = (
				BAE1B82D285D286400A7B232 /* DataSource */,
				BAE1B82C285D285A00A7B232 /* ViewModel */,
				BAE1B825285D0F2400A7B232 /* HeaderViewModel.swift */,
			);
			path = Models;
			sourceTree = "<group>";
		};
		BAE1B827285D143800A7B232 /* Extensions */ = {
			isa = PBXGroup;
			children = (
				BAE1B828285D144D00A7B232 /* UIColor.swift */,
				BAE1B82A285D209700A7B232 /* String.swift */,
			);
			path = Extensions;
			sourceTree = "<group>";
		};
		BAE1B82C285D285A00A7B232 /* ViewModel */ = {
			isa = PBXGroup;
			children = (
			);
			path = ViewModel;
			sourceTree = "<group>";
		};
		BAE1B82D285D286400A7B232 /* DataSource */ = {
			isa = PBXGroup;
			children = (
				BAE1B82E285D289900A7B232 /* NewsDataSource.swift */,
			);
			path = DataSource;
			sourceTree = "<group>";
		};
/* End PBXGroup section */

/* Begin PBXNativeTarget section */
		BAE1B80C285D0E4400A7B232 /* Task00 */ = {
			isa = PBXNativeTarget;
			buildConfigurationList = BAE1B821285D0E4400A7B232 /* Build configuration list for PBXNativeTarget "Task00" */;
			buildPhases = (
				BAE1B809285D0E4400A7B232 /* Sources */,
				BAE1B80A285D0E4400A7B232 /* Frameworks */,
				BAE1B80B285D0E4400A7B232 /* Resources */,
			);
			buildRules = (
			);
			dependencies = (
			);
			name = Task00;
			productName = Task00;
			productReference = BAE1B80D285D0E4400A7B232 /* Task00.app */;
			productType = "com.apple.product-type.application";
		};
/* End PBXNativeTarget section */

/* Begin PBXProject section */
		BAE1B805285D0E4400A7B232 /* Project object */ = {
			isa = PBXProject;
			attributes = {
				BuildIndependentTargetsInParallel = 1;
				LastSwiftUpdateCheck = 1310;
				LastUpgradeCheck = 1310;
				TargetAttributes = {
					BAE1B80C285D0E4400A7B232 = {
						CreatedOnToolsVersion = 13.1;
					};
				};
			};
			buildConfigurationList = BAE1B808285D0E4400A7B232 /* Build configuration list for PBXProject "Task00" */;
			compatibilityVersion = "Xcode 13.0";
			developmentRegion = en;
			hasScannedForEncodings = 0;
			knownRegions = (
				en,
				Base,
			);
			mainGroup = BAE1B804285D0E4400A7B232;
			productRefGroup = BAE1B80E285D0E4400A7B232 /* Products */;
			projectDirPath = "";
			projectRoot = "";
			targets = (
				BAE1B80C285D0E4400A7B232 /* Task00 */,
			);
		};
/* End PBXProject section */

/* Begin PBXResourcesBuildPhase section */
		BAE1B80B285D0E4400A7B232 /* Resources */ = {
			isa = PBXResourcesBuildPhase;
			buildActionMask = 2147483647;
			files = (
				BAE1B81D285D0E4400A7B232 /* LaunchScreen.storyboard in Resources */,
				BAE1B81A285D0E4400A7B232 /* Assets.xcassets in Resources */,
				BAE1B818285D0E4400A7B232 /* Main.storyboard in Resources */,
			);
			runOnlyForDeploymentPostprocessing = 0;
		};
/* End PBXResourcesBuildPhase section */

/* Begin PBXSourcesBuildPhase section */
		BAE1B809285D0E4400A7B232 /* Sources */ = {
			isa = PBXSourcesBuildPhase;
			buildActionMask = 2147483647;
			files = (
				BAE1B82B285D209700A7B232 /* String.swift in Sources */,
				BAE1B815285D0E4400A7B232 /* ViewController.swift in Sources */,
				BAE1B826285D0F2400A7B232 /* HeaderViewModel.swift in Sources */,
				BAE1B82F285D289900A7B232 /* NewsDataSource.swift in Sources */,
				BAE1B811285D0E4400A7B232 /* AppDelegate.swift in Sources */,
				BAE1B813285D0E4400A7B232 /* SceneDelegate.swift in Sources */,
				BAE1B829285D144D00A7B232 /* UIColor.swift in Sources */,
			);
			runOnlyForDeploymentPostprocessing = 0;
		};
/* End PBXSourcesBuildPhase section */

/* Begin PBXVariantGroup section */
		BAE1B816285D0E4400A7B232 /* Main.storyboard */ = {
			isa = PBXVariantGroup;
			children = (
				BAE1B817285D0E4400A7B232 /* Base */,
			);
			name = Main.storyboard;
			sourceTree = "<group>";
		};
		BAE1B81B285D0E4400A7B232 /* LaunchScreen.storyboard */ = {
			isa = PBXVariantGroup;
			children = (
				BAE1B81C285D0E4400A7B232 /* Base */,
			);
			name = LaunchScreen.storyboard;
			sourceTree = "<group>";
		};
/* End PBXVariantGroup section */

/* Begin XCBuildConfiguration section */
		BAE1B81F285D0E4400A7B232 /* Debug */ = {
			isa = XCBuildConfiguration;
			buildSettings = {
				ALWAYS_SEARCH_USER_PATHS = NO;
				CLANG_ANALYZER_NONNULL = YES;
				CLANG_ANALYZER_NUMBER_OBJECT_CONVERSION = YES_AGGRESSIVE;
				CLANG_CXX_LANGUAGE_STANDARD = "gnu++17";
				CLANG_CXX_LIBRARY = "libc++";
				CLANG_ENABLE_MODULES = YES;
				CLANG_ENABLE_OBJC_ARC = YES;
				CLANG_ENABLE_OBJC_WEAK = YES;
				CLANG_WARN_BLOCK_CAPTURE_AUTORELEASING = YES;
				CLANG_WARN_BOOL_CONVERSION = YES;
				CLANG_WARN_COMMA = YES;
				CLANG_WARN_CONSTANT_CONVERSION = YES;
				CLANG_WARN_DEPRECATED_OBJC_IMPLEMENTATIONS = YES;
				CLANG_WARN_DIRECT_OBJC_ISA_USAGE = YES_ERROR;
				CLANG_WARN_DOCUMENTATION_COMMENTS = YES;
				CLANG_WARN_EMPTY_BODY = YES;
				CLANG_WARN_ENUM_CONVERSION = YES;
				CLANG_WARN_INFINITE_RECURSION = YES;
				CLANG_WARN_INT_CONVERSION = YES;
				CLANG_WARN_NON_LITERAL_NULL_CONVERSION = YES;
				CLANG_WARN_OBJC_IMPLICIT_RETAIN_SELF = YES;
				CLANG_WARN_OBJC_LITERAL_CONVERSION = YES;
				CLANG_WARN_OBJC_ROOT_CLASS = YES_ERROR;
				CLANG_WARN_QUOTED_INCLUDE_IN_FRAMEWORK_HEADER = YES;
				CLANG_WARN_RANGE_LOOP_ANALYSIS = YES;
				CLANG_WARN_STRICT_PROTOTYPES = YES;
				CLANG_WARN_SUSPICIOUS_MOVE = YES;
				CLANG_WARN_UNGUARDED_AVAILABILITY = YES_AGGRESSIVE;
				CLANG_WARN_UNREACHABLE_CODE = YES;
				CLANG_WARN__DUPLICATE_METHOD_MATCH = YES;
				COPY_PHASE_STRIP = NO;
				DEBUG_INFORMATION_FORMAT = dwarf;
				ENABLE_STRICT_OBJC_MSGSEND = YES;
				ENABLE_TESTABILITY = YES;
				GCC_C_LANGUAGE_STANDARD = gnu11;
				GCC_DYNAMIC_NO_PIC = NO;
				GCC_NO_COMMON_BLOCKS = YES;
				GCC_OPTIMIZATION_LEVEL = 0;
				GCC_PREPROCESSOR_DEFINITIONS = (
					"DEBUG=1",
					"$(inherited)",
				);
				GCC_WARN_64_TO_32_BIT_CONVERSION = YES;
				GCC_WARN_ABOUT_RETURN_TYPE = YES_ERROR;
				GCC_WARN_UNDECLARED_SELECTOR = YES;
				GCC_WARN_UNINITIALIZED_AUTOS = YES_AGGRESSIVE;
				GCC_WARN_UNUSED_FUNCTION = YES;
				GCC_WARN_UNUSED_VARIABLE = YES;
				IPHONEOS_DEPLOYMENT_TARGET = 15.0;
				MTL_ENABLE_DEBUG_INFO = INCLUDE_SOURCE;
				MTL_FAST_MATH = YES;
				ONLY_ACTIVE_ARCH = YES;
				SDKROOT = iphoneos;
				SWIFT_ACTIVE_COMPILATION_CONDITIONS = DEBUG;
				SWIFT_OPTIMIZATION_LEVEL = "-Onone";
			};
			name = Debug;
		};
		BAE1B820285D0E4400A7B232 /* Release */ = {
			isa = XCBuildConfiguration;
			buildSettings = {
				ALWAYS_SEARCH_USER_PATHS = NO;
				CLANG_ANALYZER_NONNULL = YES;
				CLANG_ANALYZER_NUMBER_OBJECT_CONVERSION = YES_AGGRESSIVE;
				CLANG_CXX_LANGUAGE_STANDARD = "gnu++17";
				CLANG_CXX_LIBRARY = "libc++";
				CLANG_ENABLE_MODULES = YES;
				CLANG_ENABLE_OBJC_ARC = YES;
				CLANG_ENABLE_OBJC_WEAK = YES;
				CLANG_WARN_BLOCK_CAPTURE_AUTORELEASING = YES;
				CLANG_WARN_BOOL_CONVERSION = YES;
				CLANG_WARN_COMMA = YES;
				CLANG_WARN_CONSTANT_CONVERSION = YES;
				CLANG_WARN_DEPRECATED_OBJC_IMPLEMENTATIONS = YES;
				CLANG_WARN_DIRECT_OBJC_ISA_USAGE = YES_ERROR;
				CLANG_WARN_DOCUMENTATION_COMMENTS = YES;
				CLANG_WARN_EMPTY_BODY = YES;
				CLANG_WARN_ENUM_CONVERSION = YES;
				CLANG_WARN_INFINITE_RECURSION = YES;
				CLANG_WARN_INT_CONVERSION = YES;
				CLANG_WARN_NON_LITERAL_NULL_CONVERSION = YES;
				CLANG_WARN_OBJC_IMPLICIT_RETAIN_SELF = YES;
				CLANG_WARN_OBJC_LITERAL_CONVERSION = YES;
				CLANG_WARN_OBJC_ROOT_CLASS = YES_ERROR;
				CLANG_WARN_QUOTED_INCLUDE_IN_FRAMEWORK_HEADER = YES;
				CLANG_WARN_RANGE_LOOP_ANALYSIS = YES;
				CLANG_WARN_STRICT_PROTOTYPES = YES;
				CLANG_WARN_SUSPICIOUS_MOVE = YES;
				CLANG_WARN_UNGUARDED_AVAILABILITY = YES_AGGRESSIVE;
				CLANG_WARN_UNREACHABLE_CODE = YES;
				CLANG_WARN__DUPLICATE_METHOD_MATCH = YES;
				COPY_PHASE_STRIP = NO;
				DEBUG_INFORMATION_FORMAT = "dwarf-with-dsym";
				ENABLE_NS_ASSERTIONS = NO;
				ENABLE_STRICT_OBJC_MSGSEND = YES;
				GCC_C_LANGUAGE_STANDARD = gnu11;
				GCC_NO_COMMON_BLOCKS = YES;
				GCC_WARN_64_TO_32_BIT_CONVERSION = YES;
				GCC_WARN_ABOUT_RETURN_TYPE = YES_ERROR;
				GCC_WARN_UNDECLARED_SELECTOR = YES;
				GCC_WARN_UNINITIALIZED_AUTOS = YES_AGGRESSIVE;
				GCC_WARN_UNUSED_FUNCTION = YES;
				GCC_WARN_UNUSED_VARIABLE = YES;
				IPHONEOS_DEPLOYMENT_TARGET = 15.0;
				MTL_ENABLE_DEBUG_INFO = NO;
				MTL_FAST_MATH = YES;
				SDKROOT = iphoneos;
				SWIFT_COMPILATION_MODE = wholemodule;
				SWIFT_OPTIMIZATION_LEVEL = "-O";
				VALIDATE_PRODUCT = YES;
			};
			name = Release;
		};
		BAE1B822285D0E4400A7B232 /* Debug */ = {
			isa = XCBuildConfiguration;
			buildSettings = {
				ASSETCATALOG_COMPILER_APPICON_NAME = AppIcon;
				ASSETCATALOG_COMPILER_GLOBAL_ACCENT_COLOR_NAME = AccentColor;
				CODE_SIGN_STYLE = Automatic;
				CURRENT_PROJECT_VERSION = 1;
				DEVELOPMENT_TEAM = NFMGZN9SCN;
				GENERATE_INFOPLIST_FILE = YES;
				INFOPLIST_FILE = Task00/Info.plist;
				INFOPLIST_KEY_UIApplicationSupportsIndirectInputEvents = YES;
				INFOPLIST_KEY_UILaunchStoryboardName = LaunchScreen;
				INFOPLIST_KEY_UIMainStoryboardFile = Main;
				INFOPLIST_KEY_UISupportedInterfaceOrientations_iPad = "UIInterfaceOrientationPortrait UIInterfaceOrientationPortraitUpsideDown UIInterfaceOrientationLandscapeLeft UIInterfaceOrientationLandscapeRight";
				INFOPLIST_KEY_UISupportedInterfaceOrientations_iPhone = "UIInterfaceOrientationPortrait UIInterfaceOrientationLandscapeLeft UIInterfaceOrientationLandscapeRight";
				LD_RUNPATH_SEARCH_PATHS = (
					"$(inherited)",
					"@executable_path/Frameworks",
				);
				MARKETING_VERSION = 1.0;
				PRODUCT_BUNDLE_IDENTIFIER = ashkolnik.Task00;
				PRODUCT_NAME = "$(TARGET_NAME)";
				SWIFT_EMIT_LOC_STRINGS = YES;
				SWIFT_VERSION = 5.0;
				TARGETED_DEVICE_FAMILY = "1,2";
			};
			name = Debug;
		};
		BAE1B823285D0E4400A7B232 /* Release */ = {
			isa = XCBuildConfiguration;
			buildSettings = {
				ASSETCATALOG_COMPILER_APPICON_NAME = AppIcon;
				ASSETCATALOG_COMPILER_GLOBAL_ACCENT_COLOR_NAME = AccentColor;
				CODE_SIGN_STYLE = Automatic;
				CURRENT_PROJECT_VERSION = 1;
				DEVELOPMENT_TEAM = NFMGZN9SCN;
				GENERATE_INFOPLIST_FILE = YES;
				INFOPLIST_FILE = Task00/Info.plist;
				INFOPLIST_KEY_UIApplicationSupportsIndirectInputEvents = YES;
				INFOPLIST_KEY_UILaunchStoryboardName = LaunchScreen;
				INFOPLIST_KEY_UIMainStoryboardFile = Main;
				INFOPLIST_KEY_UISupportedInterfaceOrientations_iPad = "UIInterfaceOrientationPortrait UIInterfaceOrientationPortraitUpsideDown UIInterfaceOrientationLandscapeLeft UIInterfaceOrientationLandscapeRight";
				INFOPLIST_KEY_UISupportedInterfaceOrientations_iPhone = "UIInterfaceOrientationPortrait UIInterfaceOrientationLandscapeLeft UIInterfaceOrientationLandscapeRight";
				LD_RUNPATH_SEARCH_PATHS = (
					"$(inherited)",
					"@executable_path/Frameworks",
				);
				MARKETING_VERSION = 1.0;
				PRODUCT_BUNDLE_IDENTIFIER = ashkolnik.Task00;
				PRODUCT_NAME = "$(TARGET_NAME)";
				SWIFT_EMIT_LOC_STRINGS = YES;
				SWIFT_VERSION = 5.0;
				TARGETED_DEVICE_FAMILY = "1,2";
			};
			name = Release;
		};
/* End XCBuildConfiguration section */

/* Begin XCConfigurationList section */
		BAE1B808285D0E4400A7B232 /* Build configuration list for PBXProject "Task00" */ = {
			isa = XCConfigurationList;
			buildConfigurations = (
				BAE1B81F285D0E4400A7B232 /* Debug */,
				BAE1B820285D0E4400A7B232 /* Release */,
			);
			defaultConfigurationIsVisible = 0;
			defaultConfigurationName = Release;
		};
		BAE1B821285D0E4400A7B232 /* Build configuration list for PBXNativeTarget "Task00" */ = {
			isa = XCConfigurationList;
			buildConfigurations = (
				BAE1B822285D0E4400A7B232 /* Debug */,
				BAE1B823285D0E4400A7B232 /* Release */,
			);
			defaultConfigurationIsVisible = 0;
			defaultConfigurationName = Release;
		};
/* End XCConfigurationList section */
	};
	rootObject = BAE1B805285D0E4400A7B232 /* Project object */;
}
